
Microsoft Visual Studio Solution File, Format Version 12.00
# Visual Studio Version 16
VisualStudioVersion = 16.0.31129.286
MinimumVisualStudioVersion = 10.0.40219.1
Project("{8BC9CEB8-8B4A-11D0-8D11-00A0C91BC942}") = "HW_PROGRAM_5_6", "HW_PROGRAM_5_6\HW_PROGRAM_5_6.vcxproj", "{D88C13AE-1318-4D91-9CC6-8A98ED0E02A7}"
EndProject
Global
	GlobalSection(SolutionConfigurationPlatforms) = preSolution
		Debug|x64 = Debug|x64
		Debug|x86 = Debug|x86
		Release|x64 = Release|x64
		Release|x86 = Release|x86
	EndGlobalSection
	GlobalSection(ProjectConfigurationPlatforms) = postSolution
		{D88C13AE-1318-4D91-9CC6-8A98ED0E02A7}.Debug|x64.ActiveCfg = Debug|x64
		{D88C13AE-1318-4D91-9CC6-8A98ED0E02A7}.Debug|x64.Build.0 = Debug|x64
		{D88C13AE-1318-4D91-9CC6-8A98ED0E02A7}.Debug|x86.ActiveCfg = Debug|Win32
		{D88C13AE-1318-4D91-9CC6-8A98ED0E02A7}.Debug|x86.Build.0 = Debug|Win32
		{D88C13AE-1318-4D91-9CC6-8A98ED0E02A7}.Release|x64.ActiveCfg = Release|x64
		{D88C13AE-1318-4D91-9CC6-8A98ED0E02A7}.Release|x64.Build.0 = Release|x64
		{D88C13AE-1318-4D91-9CC6-8A98ED0E02A7}.Release|x86.ActiveCfg = Release|Win32
		{D88C13AE-1318-4D91-9CC6-8A98ED0E02A7}.Release|x86.Build.0 = Release|Win32
	EndGlobalSection
	GlobalSection(SolutionProperties) = preSolution
		HideSolutionNode = FALSE
	EndGlobalSection
	GlobalSection(ExtensibilityGlobals) = postSolution
		SolutionGuid = {2607D57C-F726-4FA3-B005-CAF8FCA64435}
	EndGlobalSection
EndGlobal
